
Microsoft Visual Studio Solution File, Format Version 12.00
# Visual Studio 14
VisualStudioVersion = 14.0.23107.0
MinimumVisualStudioVersion = 10.0.40219.1
Project("{8BC9CEB8-8B4A-11D0-8D11-00A0C91BC942}") = "ch02", "ch02\ch02.vcxproj", "{9D4FE65B-4132-42B8-9A77-69B06C585B2C}"
EndProject
Global
	GlobalSection(SolutionConfigurationPlatforms) = preSolution
		Debug|x86 = Debug|x86
		Release|x86 = Release|x86
	EndGlobalSection
	GlobalSection(ProjectConfigurationPlatforms) = postSolution
		{9D4FE65B-4132-42B8-9A77-69B06C585B2C}.Debug|x86.ActiveCfg = Debug|Win32
		{9D4FE65B-4132-42B8-9A77-69B06C585B2C}.Debug|x86.Build.0 = Debug|Win32
		{9D4FE65B-4132-42B8-9A77-69B06C585B2C}.Release|x86.ActiveCfg = Release|Win32
		{9D4FE65B-4132-42B8-9A77-69B06C585B2C}.Release|x86.Build.0 = Release|Win32
	EndGlobalSection
	GlobalSection(SolutionProperties) = preSolution
		HideSolutionNode = FALSE
	EndGlobalSection
EndGlobal
